
Microsoft Visual Studio Solution File, Format Version 12.00
# Visual Studio Version 16
VisualStudioVersion = 16.0.29613.14
MinimumVisualStudioVersion = 10.0.40219.1
Project("{FAE04EC0-301F-11D3-BF4B-00C04F79EFBC}") = "XMLCompareSync", "XMLCompareSync\XMLCompareSync.csproj", "{2D264256-3270-4237-9967-570DAB739069}"
EndProject
Project("{FAE04EC0-301F-11D3-BF4B-00C04F79EFBC}") = "XmlCompareSynchronize", "XmlCompareSynchronize\XmlCompareSynchronize.csproj", "{55A22EC4-55B8-4B3F-B1AF-3F57790AC0BF}"
EndProject
Global
	GlobalSection(SolutionConfigurationPlatforms) = preSolution
		Debug|Any CPU = Debug|Any CPU
		Release|Any CPU = Release|Any CPU
	EndGlobalSection
	GlobalSection(ProjectConfigurationPlatforms) = postSolution
		{2D264256-3270-4237-9967-570DAB739069}.Debug|Any CPU.ActiveCfg = Debug|Any CPU
		{2D264256-3270-4237-9967-570DAB739069}.Debug|Any CPU.Build.0 = Debug|Any CPU
		{2D264256-3270-4237-9967-570DAB739069}.Release|Any CPU.ActiveCfg = Release|Any CPU
		{2D264256-3270-4237-9967-570DAB739069}.Release|Any CPU.Build.0 = Release|Any CPU
		{55A22EC4-55B8-4B3F-B1AF-3F57790AC0BF}.Debug|Any CPU.ActiveCfg = Debug|Any CPU
		{55A22EC4-55B8-4B3F-B1AF-3F57790AC0BF}.Debug|Any CPU.Build.0 = Debug|Any CPU
		{55A22EC4-55B8-4B3F-B1AF-3F57790AC0BF}.Release|Any CPU.ActiveCfg = Release|Any CPU
		{55A22EC4-55B8-4B3F-B1AF-3F57790AC0BF}.Release|Any CPU.Build.0 = Release|Any CPU
	EndGlobalSection
	GlobalSection(SolutionProperties) = preSolution
		HideSolutionNode = FALSE
	EndGlobalSection
	GlobalSection(ExtensibilityGlobals) = postSolution
		SolutionGuid = {1885E92A-A951-4041-9D14-7CC421468520}
	EndGlobalSection
EndGlobal
